
Microsoft Visual Studio Solution File, Format Version 12.00
# Visual Studio Version 16
VisualStudioVersion = 16.0.30002.166
MinimumVisualStudioVersion = 10.0.40219.1
Project("{FAE04EC0-301F-11D3-BF4B-00C04F79EFBC}") = "EncasulationDemoWithDice", "EncasulationDemoWithDice\EncasulationDemoWithDice.csproj", "{94E04B66-B7EB-4404-B5EA-AA77DD711749}"
EndProject
Global
	GlobalSection(SolutionConfigurationPlatforms) = preSolution
		Debug|Any CPU = Debug|Any CPU
		Release|Any CPU = Release|Any CPU
	EndGlobalSection
	GlobalSection(ProjectConfigurationPlatforms) = postSolution
		{94E04B66-B7EB-4404-B5EA-AA77DD711749}.Debug|Any CPU.ActiveCfg = Debug|Any CPU
		{94E04B66-B7EB-4404-B5EA-AA77DD711749}.Debug|Any CPU.Build.0 = Debug|Any CPU
		{94E04B66-B7EB-4404-B5EA-AA77DD711749}.Release|Any CPU.ActiveCfg = Release|Any CPU
		{94E04B66-B7EB-4404-B5EA-AA77DD711749}.Release|Any CPU.Build.0 = Release|Any CPU
	EndGlobalSection
	GlobalSection(SolutionProperties) = preSolution
		HideSolutionNode = FALSE
	EndGlobalSection
	GlobalSection(ExtensibilityGlobals) = postSolution
		SolutionGuid = {FBAD0F01-8E1B-4321-8E50-BD1014B74646}
	EndGlobalSection
EndGlobal
